
Microsoft Visual Studio Solution File, Format Version 12.00
# Visual Studio Version 17
VisualStudioVersion = 17.8.34525.116
MinimumVisualStudioVersion = 10.0.40219.1
Project("{FAE04EC0-301F-11D3-BF4B-00C04F79EFBC}") = "Week9Lists", "Week9Lists\Week9Lists.csproj", "{2B5914BE-0BD4-4486-BC4B-6B7B6E7DE830}"
EndProject
Global
	GlobalSection(SolutionConfigurationPlatforms) = preSolution
		Debug|Any CPU = Debug|Any CPU
		Release|Any CPU = Release|Any CPU
	EndGlobalSection
	GlobalSection(ProjectConfigurationPlatforms) = postSolution
		{2B5914BE-0BD4-4486-BC4B-6B7B6E7DE830}.Debug|Any CPU.ActiveCfg = Debug|Any CPU
		{2B5914BE-0BD4-4486-BC4B-6B7B6E7DE830}.Debug|Any CPU.Build.0 = Debug|Any CPU
		{2B5914BE-0BD4-4486-BC4B-6B7B6E7DE830}.Release|Any CPU.ActiveCfg = Release|Any CPU
		{2B5914BE-0BD4-4486-BC4B-6B7B6E7DE830}.Release|Any CPU.Build.0 = Release|Any CPU
	EndGlobalSection
	GlobalSection(SolutionProperties) = preSolution
		HideSolutionNode = FALSE
	EndGlobalSection
	GlobalSection(ExtensibilityGlobals) = postSolution
		SolutionGuid = {F20FB2F7-08A5-435B-99BC-95F26D544406}
	EndGlobalSection
EndGlobal
